
Microsoft Visual Studio Solution File, Format Version 12.00
# Visual Studio Version 16
VisualStudioVersion = 16.0.31112.23
MinimumVisualStudioVersion = 10.0.40219.1
Project("{FAE04EC0-301F-11D3-BF4B-00C04F79EFBC}") = "AuthApp", "AuthApp\AuthApp.csproj", "{63D30D38-3A0D-45EF-8E4B-4F480099A773}"
EndProject
Global
	GlobalSection(SolutionConfigurationPlatforms) = preSolution
		Debug|Any CPU = Debug|Any CPU
		Release|Any CPU = Release|Any CPU
	EndGlobalSection
	GlobalSection(ProjectConfigurationPlatforms) = postSolution
		{63D30D38-3A0D-45EF-8E4B-4F480099A773}.Debug|Any CPU.ActiveCfg = Debug|Any CPU
		{63D30D38-3A0D-45EF-8E4B-4F480099A773}.Debug|Any CPU.Build.0 = Debug|Any CPU
		{63D30D38-3A0D-45EF-8E4B-4F480099A773}.Release|Any CPU.ActiveCfg = Release|Any CPU
		{63D30D38-3A0D-45EF-8E4B-4F480099A773}.Release|Any CPU.Build.0 = Release|Any CPU
	EndGlobalSection
	GlobalSection(SolutionProperties) = preSolution
		HideSolutionNode = FALSE
	EndGlobalSection
	GlobalSection(ExtensibilityGlobals) = postSolution
		SolutionGuid = {E488749E-AF0C-42DA-B735-CF96856DED83}
	EndGlobalSection
EndGlobal
